
Microsoft Visual Studio Solution File, Format Version 12.00
# Visual Studio Version 17
VisualStudioVersion = 17.0.31912.275
MinimumVisualStudioVersion = 10.0.40219.1
Project("{FAE04EC0-301F-11D3-BF4B-00C04F79EFBC}") = "api.clientes", "api.clientes\api.clientes.csproj", "{C1933421-8999-4929-92D2-1A4BE2DC6861}"
EndProject
Global
	GlobalSection(SolutionConfigurationPlatforms) = preSolution
		Debug|Any CPU = Debug|Any CPU
		Release|Any CPU = Release|Any CPU
	EndGlobalSection
	GlobalSection(ProjectConfigurationPlatforms) = postSolution
		{C1933421-8999-4929-92D2-1A4BE2DC6861}.Debug|Any CPU.ActiveCfg = Debug|Any CPU
		{C1933421-8999-4929-92D2-1A4BE2DC6861}.Debug|Any CPU.Build.0 = Debug|Any CPU
		{C1933421-8999-4929-92D2-1A4BE2DC6861}.Release|Any CPU.ActiveCfg = Release|Any CPU
		{C1933421-8999-4929-92D2-1A4BE2DC6861}.Release|Any CPU.Build.0 = Release|Any CPU
	EndGlobalSection
	GlobalSection(SolutionProperties) = preSolution
		HideSolutionNode = FALSE
	EndGlobalSection
	GlobalSection(ExtensibilityGlobals) = postSolution
		SolutionGuid = {407A8057-5E50-4D88-A7F6-DE5ECAD980CB}
	EndGlobalSection
EndGlobal
